{
  "version": 4,
  "terraform_version": "1.3.4",
  "serial": 34,
  "lineage": "7e191dfb-4c70-d233-3337-63b5c1e2281e",
  "outputs": {},
  "resources": [
    {
      "mode": "managed",
      "type": "google_folder",
      "name": "Desenvolvimento",
      "provider": "provider[\"registry.terraform.io/hashicorp/google\"]",
      "instances": [
        {
          "schema_version": 0,
          "attributes": {
            "create_time": "2022-11-06T01:24:39.023Z",
            "display_name": "Desenvolvimento",
            "folder_id": "606651396863",
            "id": "folders/606651396863",
            "lifecycle_state": "ACTIVE",
            "name": "folders/606651396863",
            "parent": "folders/192889405669",
            "timeouts": null
          },
          "sensitive_attributes": [],
          "private": "eyJlMmJmYjczMC1lY2FhLTExZTYtOGY4OC0zNDM2M2JjN2M0YzAiOnsiY3JlYXRlIjoyNDAwMDAwMDAwMDAsImRlbGV0ZSI6MjQwMDAwMDAwMDAwLCJyZWFkIjoyNDAwMDAwMDAwMDAsInVwZGF0ZSI6MjQwMDAwMDAwMDAwfX0=",
          "dependencies": [
            "google_folder.Financeiro",
            "google_folder.SalesForce"
          ]
        }
      ]
    },
    {
      "mode": "managed",
      "type": "google_folder",
      "name": "Financeiro",
      "provider": "provider[\"registry.terraform.io/hashicorp/google\"]",
      "instances": [
        {
          "schema_version": 0,
          "attributes": {
            "create_time": "2022-11-06T01:24:12.558Z",
            "display_name": "Financeiro",
            "folder_id": "926246725812",
            "id": "folders/926246725812",
            "lifecycle_state": "ACTIVE",
            "name": "folders/926246725812",
            "parent": "organizations/696517304353",
            "timeouts": null
          },
          "sensitive_attributes": [],
          "private": "eyJlMmJmYjczMC1lY2FhLTExZTYtOGY4OC0zNDM2M2JjN2M0YzAiOnsiY3JlYXRlIjoyNDAwMDAwMDAwMDAsImRlbGV0ZSI6MjQwMDAwMDAwMDAwLCJyZWFkIjoyNDAwMDAwMDAwMDAsInVwZGF0ZSI6MjQwMDAwMDAwMDAwfX0="
        }
      ]
    },
    {
      "mode": "managed",
      "type": "google_folder",
      "name": "Producao",
      "provider": "provider[\"registry.terraform.io/hashicorp/google\"]",
      "instances": [
        {
          "schema_version": 0,
          "attributes": {
            "create_time": "2022-11-06T01:24:39.060Z",
            "display_name": "Producao",
            "folder_id": "285774992925",
            "id": "folders/285774992925",
            "lifecycle_state": "ACTIVE",
            "name": "folders/285774992925",
            "parent": "folders/192889405669",
            "timeouts": null
          },
          "sensitive_attributes": [],
          "private": "eyJlMmJmYjczMC1lY2FhLTExZTYtOGY4OC0zNDM2M2JjN2M0YzAiOnsiY3JlYXRlIjoyNDAwMDAwMDAwMDAsImRlbGV0ZSI6MjQwMDAwMDAwMDAwLCJyZWFkIjoyNDAwMDAwMDAwMDAsInVwZGF0ZSI6MjQwMDAwMDAwMDAwfX0=",
          "dependencies": [
            "google_folder.Financeiro",
            "google_folder.SalesForce"
          ]
        }
      ]
    },
    {
      "mode": "managed",
      "type": "google_folder",
      "name": "SalesForce",
      "provider": "provider[\"registry.terraform.io/hashicorp/google\"]",
      "instances": [
        {
          "schema_version": 0,
          "attributes": {
            "create_time": "2022-11-06T01:24:26.405Z",
            "display_name": "SalesForce",
            "folder_id": "192889405669",
            "id": "folders/192889405669",
            "lifecycle_state": "ACTIVE",
            "name": "folders/192889405669",
            "parent": "folders/926246725812",
            "timeouts": null
          },
          "sensitive_attributes": [],
          "private": "eyJlMmJmYjczMC1lY2FhLTExZTYtOGY4OC0zNDM2M2JjN2M0YzAiOnsiY3JlYXRlIjoyNDAwMDAwMDAwMDAsImRlbGV0ZSI6MjQwMDAwMDAwMDAwLCJyZWFkIjoyNDAwMDAwMDAwMDAsInVwZGF0ZSI6MjQwMDAwMDAwMDAwfX0=",
          "dependencies": [
            "google_folder.Financeiro"
          ]
        }
      ]
    },
    {
      "mode": "managed",
      "type": "google_project",
      "name": "rosana2-salesforce-dev",
      "provider": "provider[\"registry.terraform.io/hashicorp/google\"]",
      "instances": [
        {
          "schema_version": 1,
          "attributes": {
            "auto_create_network": false,
            "billing_account": "013F28-894419-ABC300",
            "folder_id": "606651396863",
            "id": "projects/rosana2-salesforce-dev",
            "labels": null,
            "name": "SalesForce-Dev",
            "number": "134140463476",
            "org_id": "",
            "project_id": "rosana2-salesforce-dev",
            "skip_delete": null,
            "timeouts": null
          },
          "sensitive_attributes": [],
          "private": "eyJlMmJmYjczMC1lY2FhLTExZTYtOGY4OC0zNDM2M2JjN2M0YzAiOnsiY3JlYXRlIjo2MDAwMDAwMDAwMDAsImRlbGV0ZSI6NjAwMDAwMDAwMDAwLCJyZWFkIjo2MDAwMDAwMDAwMDAsInVwZGF0ZSI6NjAwMDAwMDAwMDAwfSwic2NoZW1hX3ZlcnNpb24iOiIxIn0=",
          "dependencies": [
            "google_folder.Desenvolvimento",
            "google_folder.Financeiro",
            "google_folder.SalesForce"
          ]
        }
      ]
    }
  ],
  "check_results": null
}
